
Microsoft Visual Studio Solution File, Format Version 12.00
# Visual Studio 2013
VisualStudioVersion = 12.0.30501.0
MinimumVisualStudioVersion = 10.0.40219.1
Project("{FAE04EC0-301F-11D3-BF4B-00C04F79EFBC}") = "CheekiBreeki.CMH.Terminal.DAL", "CheekiBreeki.CMH.Terminal.DAL\CheekiBreeki.CMH.Terminal.DAL.csproj", "{25E6B751-8868-485B-8999-2BDF13B835E8}"
EndProject
Project("{FAE04EC0-301F-11D3-BF4B-00C04F79EFBC}") = "CheekiBreeki.CMH.Terminal.DAL.UnitTests", "CheekiBreeki.CMH.Terminal.DAL.UnitTests\CheekiBreeki.CMH.Terminal.DAL.UnitTests.csproj", "{9798F4C4-41CA-4199-ACEE-617D6128FF1B}"
EndProject
Project("{FAE04EC0-301F-11D3-BF4B-00C04F79EFBC}") = "CheekiBreeki.CMH.Terminal.BL", "CheekiBreeki.CMH.Terminal.BL\CheekiBreeki.CMH.Terminal.BL.csproj", "{2CD187D1-FFC3-4C4E-8C93-746536109D92}"
EndProject
Project("{FAE04EC0-301F-11D3-BF4B-00C04F79EFBC}") = "CheekiBreeki.CMH.Terminal.BL.UnitTests", "CheekiBreeki.CMH.Terminal.BL.UnitTests\CheekiBreeki.CMH.Terminal.BL.UnitTests.csproj", "{4EF6C0C0-04C9-43EC-806C-992F9A96A906}"
EndProject
Project("{FAE04EC0-301F-11D3-BF4B-00C04F79EFBC}") = "Cheekibreeki.CMH.Seguro.DAL", "Cheekibreeki.CMH.Seguro.DAL\Cheekibreeki.CMH.Seguro.DAL.csproj", "{F9C10C6F-2F8B-4543-8489-21E36B036A4F}"
EndProject
Project("{2150E333-8FDC-42A3-9474-1A3956D46DE8}") = "Seguro", "Seguro", "{1A94CCA8-0524-49C9-A282-62411E17E506}"
EndProject
Project("{FAE04EC0-301F-11D3-BF4B-00C04F79EFBC}") = "Cheekibreeki.CMH.Seguro.WS", "Cheekibreeki.CMH.Seguro.WS\Cheekibreeki.CMH.Seguro.WS.csproj", "{F83D024C-B5D7-4E82-AD93-121A326B0F85}"
EndProject
Project("{FAE04EC0-301F-11D3-BF4B-00C04F79EFBC}") = "Cheekibreeki.CMH.Seguro.BL", "Cheekibreeki.CMH.Seguro.BL\Cheekibreeki.CMH.Seguro.BL.csproj", "{1EAE83D4-3782-4824-8BBF-139C5A55FADB}"
EndProject
Project("{FAE04EC0-301F-11D3-BF4B-00C04F79EFBC}") = "Cheekibreeki.CMH.Terminal.BL.Testing", "Cheekibreeki.CMH.Terminal.BL.Testing\Cheekibreeki.CMH.Terminal.BL.Testing.csproj", "{AB740407-CBA1-4A73-9E04-B6D5F3847B16}"
EndProject
Global
	GlobalSection(SolutionConfigurationPlatforms) = preSolution
		Debug|Any CPU = Debug|Any CPU
		Release|Any CPU = Release|Any CPU
	EndGlobalSection
	GlobalSection(ProjectConfigurationPlatforms) = postSolution
		{25E6B751-8868-485B-8999-2BDF13B835E8}.Debug|Any CPU.ActiveCfg = Debug|Any CPU
		{25E6B751-8868-485B-8999-2BDF13B835E8}.Debug|Any CPU.Build.0 = Debug|Any CPU
		{25E6B751-8868-485B-8999-2BDF13B835E8}.Release|Any CPU.ActiveCfg = Release|Any CPU
		{25E6B751-8868-485B-8999-2BDF13B835E8}.Release|Any CPU.Build.0 = Release|Any CPU
		{9798F4C4-41CA-4199-ACEE-617D6128FF1B}.Debug|Any CPU.ActiveCfg = Debug|Any CPU
		{9798F4C4-41CA-4199-ACEE-617D6128FF1B}.Debug|Any CPU.Build.0 = Debug|Any CPU
		{9798F4C4-41CA-4199-ACEE-617D6128FF1B}.Release|Any CPU.ActiveCfg = Release|Any CPU
		{9798F4C4-41CA-4199-ACEE-617D6128FF1B}.Release|Any CPU.Build.0 = Release|Any CPU
		{2CD187D1-FFC3-4C4E-8C93-746536109D92}.Debug|Any CPU.ActiveCfg = Debug|Any CPU
		{2CD187D1-FFC3-4C4E-8C93-746536109D92}.Debug|Any CPU.Build.0 = Debug|Any CPU
		{2CD187D1-FFC3-4C4E-8C93-746536109D92}.Release|Any CPU.ActiveCfg = Release|Any CPU
		{2CD187D1-FFC3-4C4E-8C93-746536109D92}.Release|Any CPU.Build.0 = Release|Any CPU
		{4EF6C0C0-04C9-43EC-806C-992F9A96A906}.Debug|Any CPU.ActiveCfg = Debug|Any CPU
		{4EF6C0C0-04C9-43EC-806C-992F9A96A906}.Debug|Any CPU.Build.0 = Debug|Any CPU
		{4EF6C0C0-04C9-43EC-806C-992F9A96A906}.Release|Any CPU.ActiveCfg = Release|Any CPU
		{4EF6C0C0-04C9-43EC-806C-992F9A96A906}.Release|Any CPU.Build.0 = Release|Any CPU
		{F9C10C6F-2F8B-4543-8489-21E36B036A4F}.Debug|Any CPU.ActiveCfg = Debug|Any CPU
		{F9C10C6F-2F8B-4543-8489-21E36B036A4F}.Debug|Any CPU.Build.0 = Debug|Any CPU
		{F9C10C6F-2F8B-4543-8489-21E36B036A4F}.Release|Any CPU.ActiveCfg = Release|Any CPU
		{F9C10C6F-2F8B-4543-8489-21E36B036A4F}.Release|Any CPU.Build.0 = Release|Any CPU
		{F83D024C-B5D7-4E82-AD93-121A326B0F85}.Debug|Any CPU.ActiveCfg = Debug|Any CPU
		{F83D024C-B5D7-4E82-AD93-121A326B0F85}.Debug|Any CPU.Build.0 = Debug|Any CPU
		{F83D024C-B5D7-4E82-AD93-121A326B0F85}.Release|Any CPU.ActiveCfg = Release|Any CPU
		{F83D024C-B5D7-4E82-AD93-121A326B0F85}.Release|Any CPU.Build.0 = Release|Any CPU
		{1EAE83D4-3782-4824-8BBF-139C5A55FADB}.Debug|Any CPU.ActiveCfg = Debug|Any CPU
		{1EAE83D4-3782-4824-8BBF-139C5A55FADB}.Debug|Any CPU.Build.0 = Debug|Any CPU
		{1EAE83D4-3782-4824-8BBF-139C5A55FADB}.Release|Any CPU.ActiveCfg = Release|Any CPU
		{1EAE83D4-3782-4824-8BBF-139C5A55FADB}.Release|Any CPU.Build.0 = Release|Any CPU
		{AB740407-CBA1-4A73-9E04-B6D5F3847B16}.Debug|Any CPU.ActiveCfg = Debug|Any CPU
		{AB740407-CBA1-4A73-9E04-B6D5F3847B16}.Debug|Any CPU.Build.0 = Debug|Any CPU
		{AB740407-CBA1-4A73-9E04-B6D5F3847B16}.Release|Any CPU.ActiveCfg = Release|Any CPU
		{AB740407-CBA1-4A73-9E04-B6D5F3847B16}.Release|Any CPU.Build.0 = Release|Any CPU
	EndGlobalSection
	GlobalSection(SolutionProperties) = preSolution
		HideSolutionNode = FALSE
	EndGlobalSection
	GlobalSection(NestedProjects) = preSolution
		{F9C10C6F-2F8B-4543-8489-21E36B036A4F} = {1A94CCA8-0524-49C9-A282-62411E17E506}
		{F83D024C-B5D7-4E82-AD93-121A326B0F85} = {1A94CCA8-0524-49C9-A282-62411E17E506}
		{1EAE83D4-3782-4824-8BBF-139C5A55FADB} = {1A94CCA8-0524-49C9-A282-62411E17E506}
		{AB740407-CBA1-4A73-9E04-B6D5F3847B16} = {1A94CCA8-0524-49C9-A282-62411E17E506}
	EndGlobalSection
EndGlobal
